
Microsoft Visual Studio Solution File, Format Version 12.00
# Visual Studio Version 17
VisualStudioVersion = 17.0.31912.275
MinimumVisualStudioVersion = 10.0.40219.1
Project("{FAE04EC0-301F-11D3-BF4B-00C04F79EFBC}") = "QuestRoomMVC", "QuestRoomMVC\QuestRoomMVC.csproj", "{CCA5ADFF-EEFD-408B-898C-2F58D00B93FA}"
EndProject
Global
	GlobalSection(SolutionConfigurationPlatforms) = preSolution
		Debug|Any CPU = Debug|Any CPU
		Release|Any CPU = Release|Any CPU
	EndGlobalSection
	GlobalSection(ProjectConfigurationPlatforms) = postSolution
		{CCA5ADFF-EEFD-408B-898C-2F58D00B93FA}.Debug|Any CPU.ActiveCfg = Debug|Any CPU
		{CCA5ADFF-EEFD-408B-898C-2F58D00B93FA}.Debug|Any CPU.Build.0 = Debug|Any CPU
		{CCA5ADFF-EEFD-408B-898C-2F58D00B93FA}.Release|Any CPU.ActiveCfg = Release|Any CPU
		{CCA5ADFF-EEFD-408B-898C-2F58D00B93FA}.Release|Any CPU.Build.0 = Release|Any CPU
	EndGlobalSection
	GlobalSection(SolutionProperties) = preSolution
		HideSolutionNode = FALSE
	EndGlobalSection
	GlobalSection(ExtensibilityGlobals) = postSolution
		SolutionGuid = {3D0F7A66-1F67-44F7-A451-0B0BBC552CF4}
	EndGlobalSection
EndGlobal
